
Microsoft Visual Studio Solution File, Format Version 12.00
# Visual Studio 2012
Project("{8BC9CEB8-8B4A-11D0-8D11-00A0C91BC942}") = "015窗口绘画", "015窗口绘画\015窗口绘画.vcxproj", "{AA6B0253-AF4E-41F9-B405-729FC89A93AE}"
EndProject
Global
	GlobalSection(SolutionConfigurationPlatforms) = preSolution
		Debug|Win32 = Debug|Win32
		Release|Win32 = Release|Win32
	EndGlobalSection
	GlobalSection(ProjectConfigurationPlatforms) = postSolution
		{AA6B0253-AF4E-41F9-B405-729FC89A93AE}.Debug|Win32.ActiveCfg = Debug|Win32
		{AA6B0253-AF4E-41F9-B405-729FC89A93AE}.Debug|Win32.Build.0 = Debug|Win32
		{AA6B0253-AF4E-41F9-B405-729FC89A93AE}.Release|Win32.ActiveCfg = Release|Win32
		{AA6B0253-AF4E-41F9-B405-729FC89A93AE}.Release|Win32.Build.0 = Release|Win32
	EndGlobalSection
	GlobalSection(SolutionProperties) = preSolution
		HideSolutionNode = FALSE
	EndGlobalSection
EndGlobal
