
Microsoft Visual Studio Solution File, Format Version 12.00
# Visual Studio 2012
Project("{8BC9CEB8-8B4A-11D0-8D11-00A0C91BC942}") = "001第一个程序", "001第一个程序\001第一个程序.vcxproj", "{A96B872F-2807-4361-AC27-B621130B6830}"
EndProject
Global
	GlobalSection(SolutionConfigurationPlatforms) = preSolution
		Debug|Win32 = Debug|Win32
		Release|Win32 = Release|Win32
	EndGlobalSection
	GlobalSection(ProjectConfigurationPlatforms) = postSolution
		{A96B872F-2807-4361-AC27-B621130B6830}.Debug|Win32.ActiveCfg = Debug|Win32
		{A96B872F-2807-4361-AC27-B621130B6830}.Debug|Win32.Build.0 = Debug|Win32
		{A96B872F-2807-4361-AC27-B621130B6830}.Release|Win32.ActiveCfg = Release|Win32
		{A96B872F-2807-4361-AC27-B621130B6830}.Release|Win32.Build.0 = Release|Win32
	EndGlobalSection
	GlobalSection(SolutionProperties) = preSolution
		HideSolutionNode = FALSE
	EndGlobalSection
EndGlobal
